
Microsoft Visual Studio Solution File, Format Version 12.00
# Visual Studio Version 16
VisualStudioVersion = 16.0.30204.135
MinimumVisualStudioVersion = 10.0.40219.1
Project("{9A19103F-16F7-4668-BE54-9A1E7A4F7556}") = "ConsoleApp", "ConsoleApp\ConsoleApp.csproj", "{E837BA77-4DAA-4498-9ACD-FFB1C5A2876F}"
EndProject
Project("{FAE04EC0-301F-11D3-BF4B-00C04F79EFBC}") = "Website", "Website\Website.csproj", "{A2169D0F-A429-4A3D-9D7E-8A44E9B711A7}"
EndProject
Project("{FAE04EC0-301F-11D3-BF4B-00C04F79EFBC}") = "Infrastructure", "Infrastructure\Infrastructure.csproj", "{5369DE51-8914-450B-8731-26271933601B}"
EndProject
Project("{FAE04EC0-301F-11D3-BF4B-00C04F79EFBC}") = "Application", "Application\Application.csproj", "{F22F6059-EBDD-4135-B2A0-0EC486A80A8C}"
EndProject
Global
	GlobalSection(SolutionConfigurationPlatforms) = preSolution
		Debug|Any CPU = Debug|Any CPU
		Release|Any CPU = Release|Any CPU
	EndGlobalSection
	GlobalSection(ProjectConfigurationPlatforms) = postSolution
		{E837BA77-4DAA-4498-9ACD-FFB1C5A2876F}.Debug|Any CPU.ActiveCfg = Debug|Any CPU
		{E837BA77-4DAA-4498-9ACD-FFB1C5A2876F}.Debug|Any CPU.Build.0 = Debug|Any CPU
		{E837BA77-4DAA-4498-9ACD-FFB1C5A2876F}.Release|Any CPU.ActiveCfg = Release|Any CPU
		{E837BA77-4DAA-4498-9ACD-FFB1C5A2876F}.Release|Any CPU.Build.0 = Release|Any CPU
		{A2169D0F-A429-4A3D-9D7E-8A44E9B711A7}.Debug|Any CPU.ActiveCfg = Debug|Any CPU
		{A2169D0F-A429-4A3D-9D7E-8A44E9B711A7}.Debug|Any CPU.Build.0 = Debug|Any CPU
		{A2169D0F-A429-4A3D-9D7E-8A44E9B711A7}.Release|Any CPU.ActiveCfg = Release|Any CPU
		{A2169D0F-A429-4A3D-9D7E-8A44E9B711A7}.Release|Any CPU.Build.0 = Release|Any CPU
		{5369DE51-8914-450B-8731-26271933601B}.Debug|Any CPU.ActiveCfg = Debug|Any CPU
		{5369DE51-8914-450B-8731-26271933601B}.Debug|Any CPU.Build.0 = Debug|Any CPU
		{5369DE51-8914-450B-8731-26271933601B}.Release|Any CPU.ActiveCfg = Release|Any CPU
		{5369DE51-8914-450B-8731-26271933601B}.Release|Any CPU.Build.0 = Release|Any CPU
		{F22F6059-EBDD-4135-B2A0-0EC486A80A8C}.Debug|Any CPU.ActiveCfg = Debug|Any CPU
		{F22F6059-EBDD-4135-B2A0-0EC486A80A8C}.Debug|Any CPU.Build.0 = Debug|Any CPU
		{F22F6059-EBDD-4135-B2A0-0EC486A80A8C}.Release|Any CPU.ActiveCfg = Release|Any CPU
		{F22F6059-EBDD-4135-B2A0-0EC486A80A8C}.Release|Any CPU.Build.0 = Release|Any CPU
	EndGlobalSection
	GlobalSection(SolutionProperties) = preSolution
		HideSolutionNode = FALSE
	EndGlobalSection
	GlobalSection(ExtensibilityGlobals) = postSolution
		SolutionGuid = {F05BA0B1-EE80-40D5-B667-EC30F9D22ECD}
	EndGlobalSection
EndGlobal
